
Microsoft Visual Studio Solution File, Format Version 12.00
# Visual Studio Version 16
VisualStudioVersion = 16.0.33927.289
MinimumVisualStudioVersion = 10.0.40219.1
Project("{FAE04EC0-301F-11D3-BF4B-00C04F79EFBC}") = "CharacterRandomizerServer", "CharacterRandomizerServer.csproj", "{9E2EA431-A948-4101-81E2-57C8EBF1BC28}"
EndProject
Global
	GlobalSection(SolutionConfigurationPlatforms) = preSolution
		Debug|Any CPU = Debug|Any CPU
		Release|Any CPU = Release|Any CPU
	EndGlobalSection
	GlobalSection(ProjectConfigurationPlatforms) = postSolution
		{9E2EA431-A948-4101-81E2-57C8EBF1BC28}.Debug|Any CPU.ActiveCfg = Debug|Any CPU
		{9E2EA431-A948-4101-81E2-57C8EBF1BC28}.Debug|Any CPU.Build.0 = Debug|Any CPU
		{9E2EA431-A948-4101-81E2-57C8EBF1BC28}.Release|Any CPU.ActiveCfg = Release|Any CPU
		{9E2EA431-A948-4101-81E2-57C8EBF1BC28}.Release|Any CPU.Build.0 = Release|Any CPU
	EndGlobalSection
	GlobalSection(SolutionProperties) = preSolution
		HideSolutionNode = FALSE
	EndGlobalSection
	GlobalSection(ExtensibilityGlobals) = postSolution
		SolutionGuid = {CEB6D2FE-8188-4901-A0BF-8FA845B6B302}
	EndGlobalSection
EndGlobal
